// !$*UTF8*$!
{
	archiveVersion = 1;
	classes = {
	};
	objectVersion = 46;
	objects = {

/* Begin PBXBuildFile section */
		D1D0587A1BCE0A6E000B3FA5 /* AppDelegate.swift in Sources */ = {isa = PBXBuildFile; fileRef = D1D058791BCE0A6E000B3FA5 /* AppDelegate.swift */; };
		D1D0587C1BCE0A6E000B3FA5 /* ViewController.swift in Sources */ = {isa = PBXBuildFile; fileRef = D1D0587B1BCE0A6E000B3FA5 /* ViewController.swift */; };
		D1D0587F1BCE0A6E000B3FA5 /* Main.storyboard in Resources */ = {isa = PBXBuildFile; fileRef = D1D0587D1BCE0A6E000B3FA5 /* Main.storyboard */; };
		D1D058811BCE0A6E000B3FA5 /* Assets.xcassets in Resources */ = {isa = PBXBuildFile; fileRef = D1D058801BCE0A6E000B3FA5 /* Assets.xcassets */; };
		D1D058841BCE0A6E000B3FA5 /* LaunchScreen.storyboard in Resources */ = {isa = PBXBuildFile; fileRef = D1D058821BCE0A6E000B3FA5 /* LaunchScreen.storyboard */; };
		D1D0588F1BCE0A6E000B3FA5 /* carouselTests.swift in Sources */ = {isa = PBXBuildFile; fileRef = D1D0588E1BCE0A6E000B3FA5 /* carouselTests.swift */; };
		D1D0589A1BCE0A6E000B3FA5 /* carouselUITests.swift in Sources */ = {isa = PBXBuildFile; fileRef = D1D058991BCE0A6E000B3FA5 /* carouselUITests.swift */; };
		D1D058A81BCE0E18000B3FA5 /* Common.swift in Sources */ = {isa = PBXBuildFile; fileRef = D1D058A71BCE0E18000B3FA5 /* Common.swift */; settings = {ASSET_TAGS = (); }; };
		D1DD61C51BCE133B003393B8 /* IntroViewController.swift in Sources */ = {isa = PBXBuildFile; fileRef = D1DD61C41BCE133B003393B8 /* IntroViewController.swift */; settings = {ASSET_TAGS = (); }; };
		D1DD61C71BCF1C2C003393B8 /* SignInViewController.swift in Sources */ = {isa = PBXBuildFile; fileRef = D1DD61C61BCF1C2C003393B8 /* SignInViewController.swift */; settings = {ASSET_TAGS = (); }; };
		D1DD61C91BCF1FA3003393B8 /* TutorialViewController.swift in Sources */ = {isa = PBXBuildFile; fileRef = D1DD61C81BCF1FA3003393B8 /* TutorialViewController.swift */; settings = {ASSET_TAGS = (); }; };
		D1DD61CB1BCF2346003393B8 /* SettingsViewController.swift in Sources */ = {isa = PBXBuildFile; fileRef = D1DD61CA1BCF2346003393B8 /* SettingsViewController.swift */; settings = {ASSET_TAGS = (); }; };
		D1DD61CD1BCF2407003393B8 /* ConversationsViewController.swift in Sources */ = {isa = PBXBuildFile; fileRef = D1DD61CC1BCF2407003393B8 /* ConversationsViewController.swift */; settings = {ASSET_TAGS = (); }; };
/* End PBXBuildFile section */

/* Begin PBXContainerItemProxy section */
		D1D0588B1BCE0A6E000B3FA5 /* PBXContainerItemProxy */ = {
			isa = PBXContainerItemProxy;
			containerPortal = D1D0586E1BCE0A6D000B3FA5 /* Project object */;
			proxyType = 1;
			remoteGlobalIDString = D1D058751BCE0A6D000B3FA5;
			remoteInfo = carousel;
		};
		D1D058961BCE0A6E000B3FA5 /* PBXContainerItemProxy */ = {
			isa = PBXContainerItemProxy;
			containerPortal = D1D0586E1BCE0A6D000B3FA5 /* Project object */;
			proxyType = 1;
			remoteGlobalIDString = D1D058751BCE0A6D000B3FA5;
			remoteInfo = carousel;
		};
/* End PBXContainerItemProxy section */

/* Begin PBXFileReference section */
		D1D058761BCE0A6D000B3FA5 /* carousel.app */ = {isa = PBXFileReference; explicitFileType = wrapper.application; includeInIndex = 0; path = carousel.app; sourceTree = BUILT_PRODUCTS_DIR; };
		D1D058791BCE0A6E000B3FA5 /* AppDelegate.swift */ = {isa = PBXFileReference; lastKnownFileType = sourcecode.swift; path = AppDelegate.swift; sourceTree = "<group>"; };
		D1D0587B1BCE0A6E000B3FA5 /* ViewController.swift */ = {isa = PBXFileReference; lastKnownFileType = sourcecode.swift; path = ViewController.swift; sourceTree = "<group>"; };
		D1D0587E1BCE0A6E000B3FA5 /* Base */ = {isa = PBXFileReference; lastKnownFileType = file.storyboard; name = Base; path = Base.lproj/Main.storyboard; sourceTree = "<group>"; };
		D1D058801BCE0A6E000B3FA5 /* Assets.xcassets */ = {isa = PBXFileReference; lastKnownFileType = folder.assetcatalog; path = Assets.xcassets; sourceTree = "<group>"; };
		D1D058831BCE0A6E000B3FA5 /* Base */ = {isa = PBXFileReference; lastKnownFileType = file.storyboard; name = Base; path = Base.lproj/LaunchScreen.storyboard; sourceTree = "<group>"; };
		D1D058851BCE0A6E000B3FA5 /* Info.plist */ = {isa = PBXFileReference; lastKnownFileType = text.plist.xml; path = Info.plist; sourceTree = "<group>"; };
		D1D0588A1BCE0A6E000B3FA5 /* carouselTests.xctest */ = {isa = PBXFileReference; explicitFileType = wrapper.cfbundle; includeInIndex = 0; path = carouselTests.xctest; sourceTree = BUILT_PRODUCTS_DIR; };
		D1D0588E1BCE0A6E000B3FA5 /* carouselTests.swift */ = {isa = PBXFileReference; lastKnownFileType = sourcecode.swift; path = carouselTests.swift; sourceTree = "<group>"; };
		D1D058901BCE0A6E000B3FA5 /* Info.plist */ = {isa = PBXFileReference; lastKnownFileType = text.plist.xml; path = Info.plist; sourceTree = "<group>"; };
		D1D058951BCE0A6E000B3FA5 /* carouselUITests.xctest */ = {isa = PBXFileReference; explicitFileType = wrapper.cfbundle; includeInIndex = 0; path = carouselUITests.xctest; sourceTree = BUILT_PRODUCTS_DIR; };
		D1D058991BCE0A6E000B3FA5 /* carouselUITests.swift */ = {isa = PBXFileReference; lastKnownFileType = sourcecode.swift; path = carouselUITests.swift; sourceTree = "<group>"; };
		D1D0589B1BCE0A6E000B3FA5 /* Info.plist */ = {isa = PBXFileReference; lastKnownFileType = text.plist.xml; path = Info.plist; sourceTree = "<group>"; };
		D1D058A71BCE0E18000B3FA5 /* Common.swift */ = {isa = PBXFileReference; fileEncoding = 4; lastKnownFileType = sourcecode.swift; path = Common.swift; sourceTree = "<group>"; };
		D1DD61C41BCE133B003393B8 /* IntroViewController.swift */ = {isa = PBXFileReference; fileEncoding = 4; lastKnownFileType = sourcecode.swift; path = IntroViewController.swift; sourceTree = "<group>"; };
		D1DD61C61BCF1C2C003393B8 /* SignInViewController.swift */ = {isa = PBXFileReference; fileEncoding = 4; lastKnownFileType = sourcecode.swift; path = SignInViewController.swift; sourceTree = "<group>"; };
		D1DD61C81BCF1FA3003393B8 /* TutorialViewController.swift */ = {isa = PBXFileReference; fileEncoding = 4; lastKnownFileType = sourcecode.swift; path = TutorialViewController.swift; sourceTree = "<group>"; };
		D1DD61CA1BCF2346003393B8 /* SettingsViewController.swift */ = {isa = PBXFileReference; fileEncoding = 4; lastKnownFileType = sourcecode.swift; path = SettingsViewController.swift; sourceTree = "<group>"; };
		D1DD61CC1BCF2407003393B8 /* ConversationsViewController.swift */ = {isa = PBXFileReference; fileEncoding = 4; lastKnownFileType = sourcecode.swift; path = ConversationsViewController.swift; sourceTree = "<group>"; };
/* End PBXFileReference section */

/* Begin PBXFrameworksBuildPhase section */
		D1D058731BCE0A6D000B3FA5 /* Frameworks */ = {
			isa = PBXFrameworksBuildPhase;
			buildActionMask = 2147483647;
			files = (
			);
			runOnlyForDeploymentPostprocessing = 0;
		};
		D1D058871BCE0A6E000B3FA5 /* Frameworks */ = {
			isa = PBXFrameworksBuildPhase;
			buildActionMask = 2147483647;
			files = (
			);
			runOnlyForDeploymentPostprocessing = 0;
		};
		D1D058921BCE0A6E000B3FA5 /* Frameworks */ = {
			isa = PBXFrameworksBuildPhase;
			buildActionMask = 2147483647;
			files = (
			);
			runOnlyForDeploymentPostprocessing = 0;
		};
/* End PBXFrameworksBuildPhase section */

/* Begin PBXGroup section */
		D1D0586D1BCE0A6D000B3FA5 = {
			isa = PBXGroup;
			children = (
				D1D058781BCE0A6D000B3FA5 /* carousel */,
				D1D0588D1BCE0A6E000B3FA5 /* carouselTests */,
				D1D058981BCE0A6E000B3FA5 /* carouselUITests */,
				D1D058771BCE0A6D000B3FA5 /* Products */,
			);
			sourceTree = "<group>";
		};
		D1D058771BCE0A6D000B3FA5 /* Products */ = {
			isa = PBXGroup;
			children = (
				D1D058761BCE0A6D000B3FA5 /* carousel.app */,
				D1D0588A1BCE0A6E000B3FA5 /* carouselTests.xctest */,
				D1D058951BCE0A6E000B3FA5 /* carouselUITests.xctest */,
			);
			name = Products;
			sourceTree = "<group>";
		};
		D1D058781BCE0A6D000B3FA5 /* carousel */ = {
			isa = PBXGroup;
			children = (
				D1D058AB1BCE1115000B3FA5 /* View Controllers */,
				D1D058791BCE0A6E000B3FA5 /* AppDelegate.swift */,
				D1D058A71BCE0E18000B3FA5 /* Common.swift */,
				D1D0587B1BCE0A6E000B3FA5 /* ViewController.swift */,
				D1D0587D1BCE0A6E000B3FA5 /* Main.storyboard */,
				D1D058801BCE0A6E000B3FA5 /* Assets.xcassets */,
				D1D058821BCE0A6E000B3FA5 /* LaunchScreen.storyboard */,
				D1D058851BCE0A6E000B3FA5 /* Info.plist */,
			);
			path = carousel;
			sourceTree = "<group>";
		};
		D1D0588D1BCE0A6E000B3FA5 /* carouselTests */ = {
			isa = PBXGroup;
			children = (
				D1D0588E1BCE0A6E000B3FA5 /* carouselTests.swift */,
				D1D058901BCE0A6E000B3FA5 /* Info.plist */,
			);
			path = carouselTests;
			sourceTree = "<group>";
		};
		D1D058981BCE0A6E000B3FA5 /* carouselUITests */ = {
			isa = PBXGroup;
			children = (
				D1D058991BCE0A6E000B3FA5 /* carouselUITests.swift */,
				D1D0589B1BCE0A6E000B3FA5 /* Info.plist */,
			);
			path = carouselUITests;
			sourceTree = "<group>";
		};
		D1D058AB1BCE1115000B3FA5 /* View Controllers */ = {
			isa = PBXGroup;
			children = (
				D1DD61C41BCE133B003393B8 /* IntroViewController.swift */,
				D1DD61C61BCF1C2C003393B8 /* SignInViewController.swift */,
				D1DD61C81BCF1FA3003393B8 /* TutorialViewController.swift */,
				D1DD61CC1BCF2407003393B8 /* ConversationsViewController.swift */,
				D1DD61CA1BCF2346003393B8 /* SettingsViewController.swift */,
			);
			name = "View Controllers";
			sourceTree = "<group>";
		};
/* End PBXGroup section */

/* Begin PBXNativeTarget section */
		D1D058751BCE0A6D000B3FA5 /* carousel */ = {
			isa = PBXNativeTarget;
			buildConfigurationList = D1D0589E1BCE0A6E000B3FA5 /* Build configuration list for PBXNativeTarget "carousel" */;
			buildPhases = (
				D1D058721BCE0A6D000B3FA5 /* Sources */,
				D1D058731BCE0A6D000B3FA5 /* Frameworks */,
				D1D058741BCE0A6D000B3FA5 /* Resources */,
			);
			buildRules = (
			);
			dependencies = (
			);
			name = carousel;
			productName = carousel;
			productReference = D1D058761BCE0A6D000B3FA5 /* carousel.app */;
			productType = "com.apple.product-type.application";
		};
		D1D058891BCE0A6E000B3FA5 /* carouselTests */ = {
			isa = PBXNativeTarget;
			buildConfigurationList = D1D058A11BCE0A6E000B3FA5 /* Build configuration list for PBXNativeTarget "carouselTests" */;
			buildPhases = (
				D1D058861BCE0A6E000B3FA5 /* Sources */,
				D1D058871BCE0A6E000B3FA5 /* Frameworks */,
				D1D058881BCE0A6E000B3FA5 /* Resources */,
			);
			buildRules = (
			);
			dependencies = (
				D1D0588C1BCE0A6E000B3FA5 /* PBXTargetDependency */,
			);
			name = carouselTests;
			productName = carouselTests;
			productReference = D1D0588A1BCE0A6E000B3FA5 /* carouselTests.xctest */;
			productType = "com.apple.product-type.bundle.unit-test";
		};
		D1D058941BCE0A6E000B3FA5 /* carouselUITests */ = {
			isa = PBXNativeTarget;
			buildConfigurationList = D1D058A41BCE0A6E000B3FA5 /* Build configuration list for PBXNativeTarget "carouselUITests" */;
			buildPhases = (
				D1D058911BCE0A6E000B3FA5 /* Sources */,
				D1D058921BCE0A6E000B3FA5 /* Frameworks */,
				D1D058931BCE0A6E000B3FA5 /* Resources */,
			);
			buildRules = (
			);
			dependencies = (
				D1D058971BCE0A6E000B3FA5 /* PBXTargetDependency */,
			);
			name = carouselUITests;
			productName = carouselUITests;
			productReference = D1D058951BCE0A6E000B3FA5 /* carouselUITests.xctest */;
			productType = "com.apple.product-type.bundle.ui-testing";
		};
/* End PBXNativeTarget section */

/* Begin PBXProject section */
		D1D0586E1BCE0A6D000B3FA5 /* Project object */ = {
			isa = PBXProject;
			attributes = {
				LastUpgradeCheck = 0700;
				ORGANIZATIONNAME = "Liz Dalay";
				TargetAttributes = {
					D1D058751BCE0A6D000B3FA5 = {
						CreatedOnToolsVersion = 7.0.1;
					};
					D1D058891BCE0A6E000B3FA5 = {
						CreatedOnToolsVersion = 7.0.1;
						TestTargetID = D1D058751BCE0A6D000B3FA5;
					};
					D1D058941BCE0A6E000B3FA5 = {
						CreatedOnToolsVersion = 7.0.1;
						TestTargetID = D1D058751BCE0A6D000B3FA5;
					};
				};
			};
			buildConfigurationList = D1D058711BCE0A6D000B3FA5 /* Build configuration list for PBXProject "carousel" */;
			compatibilityVersion = "Xcode 3.2";
			developmentRegion = English;
			hasScannedForEncodings = 0;
			knownRegions = (
				en,
				Base,
			);
			mainGroup = D1D0586D1BCE0A6D000B3FA5;
			productRefGroup = D1D058771BCE0A6D000B3FA5 /* Products */;
			projectDirPath = "";
			projectRoot = "";
			targets = (
				D1D058751BCE0A6D000B3FA5 /* carousel */,
				D1D058891BCE0A6E000B3FA5 /* carouselTests */,
				D1D058941BCE0A6E000B3FA5 /* carouselUITests */,
			);
		};
/* End PBXProject section */

/* Begin PBXResourcesBuildPhase section */
		D1D058741BCE0A6D000B3FA5 /* Resources */ = {
			isa = PBXResourcesBuildPhase;
			buildActionMask = 2147483647;
			files = (
				D1D058841BCE0A6E000B3FA5 /* LaunchScreen.storyboard in Resources */,
				D1D058811BCE0A6E000B3FA5 /* Assets.xcassets in Resources */,
				D1D0587F1BCE0A6E000B3FA5 /* Main.storyboard in Resources */,
			);
			runOnlyForDeploymentPostprocessing = 0;
		};
		D1D058881BCE0A6E000B3FA5 /* Resources */ = {
			isa = PBXResourcesBuildPhase;
			buildActionMask = 2147483647;
			files = (
			);
			runOnlyForDeploymentPostprocessing = 0;
		};
		D1D058931BCE0A6E000B3FA5 /* Resources */ = {
			isa = PBXResourcesBuildPhase;
			buildActionMask = 2147483647;
			files = (
			);
			runOnlyForDeploymentPostprocessing = 0;
		};
/* End PBXResourcesBuildPhase section */

/* Begin PBXSourcesBuildPhase section */
		D1D058721BCE0A6D000B3FA5 /* Sources */ = {
			isa = PBXSourcesBuildPhase;
			buildActionMask = 2147483647;
			files = (
				D1D0587C1BCE0A6E000B3FA5 /* ViewController.swift in Sources */,
				D1D058A81BCE0E18000B3FA5 /* Common.swift in Sources */,
				D1DD61CB1BCF2346003393B8 /* SettingsViewController.swift in Sources */,
				D1DD61CD1BCF2407003393B8 /* ConversationsViewController.swift in Sources */,
				D1D0587A1BCE0A6E000B3FA5 /* AppDelegate.swift in Sources */,
				D1DD61C71BCF1C2C003393B8 /* SignInViewController.swift in Sources */,
				D1DD61C91BCF1FA3003393B8 /* TutorialViewController.swift in Sources */,
				D1DD61C51BCE133B003393B8 /* IntroViewController.swift in Sources */,
			);
			runOnlyForDeploymentPostprocessing = 0;
		};
		D1D058861BCE0A6E000B3FA5 /* Sources */ = {
			isa = PBXSourcesBuildPhase;
			buildActionMask = 2147483647;
			files = (
				D1D0588F1BCE0A6E000B3FA5 /* carouselTests.swift in Sources */,
			);
			runOnlyForDeploymentPostprocessing = 0;
		};
		D1D058911BCE0A6E000B3FA5 /* Sources */ = {
			isa = PBXSourcesBuildPhase;
			buildActionMask = 2147483647;
			files = (
				D1D0589A1BCE0A6E000B3FA5 /* carouselUITests.swift in Sources */,
			);
			runOnlyForDeploymentPostprocessing = 0;
		};
/* End PBXSourcesBuildPhase section */

/* Begin PBXTargetDependency section */
		D1D0588C1BCE0A6E000B3FA5 /* PBXTargetDependency */ = {
			isa = PBXTargetDependency;
			target = D1D058751BCE0A6D000B3FA5 /* carousel */;
			targetProxy = D1D0588B1BCE0A6E000B3FA5 /* PBXContainerItemProxy */;
		};
		D1D058971BCE0A6E000B3FA5 /* PBXTargetDependency */ = {
			isa = PBXTargetDependency;
			target = D1D058751BCE0A6D000B3FA5 /* carousel */;
			targetProxy = D1D058961BCE0A6E000B3FA5 /* PBXContainerItemProxy */;
		};
/* End PBXTargetDependency section */

/* Begin PBXVariantGroup section */
		D1D0587D1BCE0A6E000B3FA5 /* Main.storyboard */ = {
			isa = PBXVariantGroup;
			children = (
				D1D0587E1BCE0A6E000B3FA5 /* Base */,
			);
			name = Main.storyboard;
			sourceTree = "<group>";
		};
		D1D058821BCE0A6E000B3FA5 /* LaunchScreen.storyboard */ = {
			isa = PBXVariantGroup;
			children = (
				D1D058831BCE0A6E000B3FA5 /* Base */,
			);
			name = LaunchScreen.storyboard;
			sourceTree = "<group>";
		};
/* End PBXVariantGroup section */

/* Begin XCBuildConfiguration section */
		D1D0589C1BCE0A6E000B3FA5 /* Debug */ = {
			isa = XCBuildConfiguration;
			buildSettings = {
				ALWAYS_SEARCH_USER_PATHS = NO;
				CLANG_CXX_LANGUAGE_STANDARD = "gnu++0x";
				CLANG_CXX_LIBRARY = "libc++";
				CLANG_ENABLE_MODULES = YES;
				CLANG_ENABLE_OBJC_ARC = YES;
				CLANG_WARN_BOOL_CONVERSION = YES;
				CLANG_WARN_CONSTANT_CONVERSION = YES;
				CLANG_WARN_DIRECT_OBJC_ISA_USAGE = YES_ERROR;
				CLANG_WARN_EMPTY_BODY = YES;
				CLANG_WARN_ENUM_CONVERSION = YES;
				CLANG_WARN_INT_CONVERSION = YES;
				CLANG_WARN_OBJC_ROOT_CLASS = YES_ERROR;
				CLANG_WARN_UNREACHABLE_CODE = YES;
				CLANG_WARN__DUPLICATE_METHOD_MATCH = YES;
				"CODE_SIGN_IDENTITY[sdk=iphoneos*]" = "iPhone Developer";
				COPY_PHASE_STRIP = NO;
				DEBUG_INFORMATION_FORMAT = dwarf;
				ENABLE_STRICT_OBJC_MSGSEND = YES;
				ENABLE_TESTABILITY = YES;
				GCC_C_LANGUAGE_STANDARD = gnu99;
				GCC_DYNAMIC_NO_PIC = NO;
				GCC_NO_COMMON_BLOCKS = YES;
				GCC_OPTIMIZATION_LEVEL = 0;
				GCC_PREPROCESSOR_DEFINITIONS = (
					"DEBUG=1",
					"$(inherited)",
				);
				GCC_WARN_64_TO_32_BIT_CONVERSION = YES;
				GCC_WARN_ABOUT_RETURN_TYPE = YES_ERROR;
				GCC_WARN_UNDECLARED_SELECTOR = YES;
				GCC_WARN_UNINITIALIZED_AUTOS = YES_AGGRESSIVE;
				GCC_WARN_UNUSED_FUNCTION = YES;
				GCC_WARN_UNUSED_VARIABLE = YES;
				IPHONEOS_DEPLOYMENT_TARGET = 9.0;
				MTL_ENABLE_DEBUG_INFO = YES;
				ONLY_ACTIVE_ARCH = YES;
				SDKROOT = iphoneos;
				SWIFT_OPTIMIZATION_LEVEL = "-Onone";
			};
			name = Debug;
		};
		D1D0589D1BCE0A6E000B3FA5 /* Release */ = {
			isa = XCBuildConfiguration;
			buildSettings = {
				ALWAYS_SEARCH_USER_PATHS = NO;
				CLANG_CXX_LANGUAGE_STANDARD = "gnu++0x";
				CLANG_CXX_LIBRARY = "libc++";
				CLANG_ENABLE_MODULES = YES;
				CLANG_ENABLE_OBJC_ARC = YES;
				CLANG_WARN_BOOL_CONVERSION = YES;
				CLANG_WARN_CONSTANT_CONVERSION = YES;
				CLANG_WARN_DIRECT_OBJC_ISA_USAGE = YES_ERROR;
				CLANG_WARN_EMPTY_BODY = YES;
				CLANG_WARN_ENUM_CONVERSION = YES;
				CLANG_WARN_INT_CONVERSION = YES;
				CLANG_WARN_OBJC_ROOT_CLASS = YES_ERROR;
				CLANG_WARN_UNREACHABLE_CODE = YES;
				CLANG_WARN__DUPLICATE_METHOD_MATCH = YES;
				"CODE_SIGN_IDENTITY[sdk=iphoneos*]" = "iPhone Developer";
				COPY_PHASE_STRIP = NO;
				DEBUG_INFORMATION_FORMAT = "dwarf-with-dsym";
				ENABLE_NS_ASSERTIONS = NO;
				ENABLE_STRICT_OBJC_MSGSEND = YES;
				GCC_C_LANGUAGE_STANDARD = gnu99;
				GCC_NO_COMMON_BLOCKS = YES;
				GCC_WARN_64_TO_32_BIT_CONVERSION = YES;
				GCC_WARN_ABOUT_RETURN_TYPE = YES_ERROR;
				GCC_WARN_UNDECLARED_SELECTOR = YES;
				GCC_WARN_UNINITIALIZED_AUTOS = YES_AGGRESSIVE;
				GCC_WARN_UNUSED_FUNCTION = YES;
				GCC_WARN_UNUSED_VARIABLE = YES;
				IPHONEOS_DEPLOYMENT_TARGET = 9.0;
				MTL_ENABLE_DEBUG_INFO = NO;
				SDKROOT = iphoneos;
				VALIDATE_PRODUCT = YES;
			};
			name = Release;
		};
		D1D0589F1BCE0A6E000B3FA5 /* Debug */ = {
			isa = XCBuildConfiguration;
			buildSettings = {
				ASSETCATALOG_COMPILER_APPICON_NAME = AppIcon;
				INFOPLIST_FILE = carousel/Info.plist;
				IPHONEOS_DEPLOYMENT_TARGET = 8.4;
				LD_RUNPATH_SEARCH_PATHS = "$(inherited) @executable_path/Frameworks";
				PRODUCT_BUNDLE_IDENTIFIER = lizdalay.carousel;
				PRODUCT_NAME = "$(TARGET_NAME)";
			};
			name = Debug;
		};
		D1D058A01BCE0A6E000B3FA5 /* Release */ = {
			isa = XCBuildConfiguration;
			buildSettings = {
				ASSETCATALOG_COMPILER_APPICON_NAME = AppIcon;
				INFOPLIST_FILE = carousel/Info.plist;
				IPHONEOS_DEPLOYMENT_TARGET = 8.4;
				LD_RUNPATH_SEARCH_PATHS = "$(inherited) @executable_path/Frameworks";
				PRODUCT_BUNDLE_IDENTIFIER = lizdalay.carousel;
				PRODUCT_NAME = "$(TARGET_NAME)";
			};
			name = Release;
		};
		D1D058A21BCE0A6E000B3FA5 /* Debug */ = {
			isa = XCBuildConfiguration;
			buildSettings = {
				BUNDLE_LOADER = "$(TEST_HOST)";
				INFOPLIST_FILE = carouselTests/Info.plist;
				LD_RUNPATH_SEARCH_PATHS = "$(inherited) @executable_path/Frameworks @loader_path/Frameworks";
				PRODUCT_BUNDLE_IDENTIFIER = lizdalay.carouselTests;
				PRODUCT_NAME = "$(TARGET_NAME)";
				TEST_HOST = "$(BUILT_PRODUCTS_DIR)/carousel.app/carousel";
			};
			name = Debug;
		};
		D1D058A31BCE0A6E000B3FA5 /* Release */ = {
			isa = XCBuildConfiguration;
			buildSettings = {
				BUNDLE_LOADER = "$(TEST_HOST)";
				INFOPLIST_FILE = carouselTests/Info.plist;
				LD_RUNPATH_SEARCH_PATHS = "$(inherited) @executable_path/Frameworks @loader_path/Frameworks";
				PRODUCT_BUNDLE_IDENTIFIER = lizdalay.carouselTests;
				PRODUCT_NAME = "$(TARGET_NAME)";
				TEST_HOST = "$(BUILT_PRODUCTS_DIR)/carousel.app/carousel";
			};
			name = Release;
		};
		D1D058A51BCE0A6E000B3FA5 /* Debug */ = {
			isa = XCBuildConfiguration;
			buildSettings = {
				INFOPLIST_FILE = carouselUITests/Info.plist;
				LD_RUNPATH_SEARCH_PATHS = "$(inherited) @executable_path/Frameworks @loader_path/Frameworks";
				PRODUCT_BUNDLE_IDENTIFIER = lizdalay.carouselUITests;
				PRODUCT_NAME = "$(TARGET_NAME)";
				TEST_TARGET_NAME = carousel;
				USES_XCTRUNNER = YES;
			};
			name = Debug;
		};
		D1D058A61BCE0A6E000B3FA5 /* Release */ = {
			isa = XCBuildConfiguration;
			buildSettings = {
				INFOPLIST_FILE = carouselUITests/Info.plist;
				LD_RUNPATH_SEARCH_PATHS = "$(inherited) @executable_path/Frameworks @loader_path/Frameworks";
				PRODUCT_BUNDLE_IDENTIFIER = lizdalay.carouselUITests;
				PRODUCT_NAME = "$(TARGET_NAME)";
				TEST_TARGET_NAME = carousel;
				USES_XCTRUNNER = YES;
			};
			name = Release;
		};
/* End XCBuildConfiguration section */

/* Begin XCConfigurationList section */
		D1D058711BCE0A6D000B3FA5 /* Build configuration list for PBXProject "carousel" */ = {
			isa = XCConfigurationList;
			buildConfigurations = (
				D1D0589C1BCE0A6E000B3FA5 /* Debug */,
				D1D0589D1BCE0A6E000B3FA5 /* Release */,
			);
			defaultConfigurationIsVisible = 0;
			defaultConfigurationName = Release;
		};
		D1D0589E1BCE0A6E000B3FA5 /* Build configuration list for PBXNativeTarget "carousel" */ = {
			isa = XCConfigurationList;
			buildConfigurations = (
				D1D0589F1BCE0A6E000B3FA5 /* Debug */,
				D1D058A01BCE0A6E000B3FA5 /* Release */,
			);
			defaultConfigurationIsVisible = 0;
			defaultConfigurationName = Release;
		};
		D1D058A11BCE0A6E000B3FA5 /* Build configuration list for PBXNativeTarget "carouselTests" */ = {
			isa = XCConfigurationList;
			buildConfigurations = (
				D1D058A21BCE0A6E000B3FA5 /* Debug */,
				D1D058A31BCE0A6E000B3FA5 /* Release */,
			);
			defaultConfigurationIsVisible = 0;
			defaultConfigurationName = Release;
		};
		D1D058A41BCE0A6E000B3FA5 /* Build configuration list for PBXNativeTarget "carouselUITests" */ = {
			isa = XCConfigurationList;
			buildConfigurations = (
				D1D058A51BCE0A6E000B3FA5 /* Debug */,
				D1D058A61BCE0A6E000B3FA5 /* Release */,
			);
			defaultConfigurationIsVisible = 0;
			defaultConfigurationName = Release;
		};
/* End XCConfigurationList section */
	};
	rootObject = D1D0586E1BCE0A6D000B3FA5 /* Project object */;
}
